// !$*UTF8*$!
{
	archiveVersion = 1;
	classes = {
	};
	objectVersion = 46;
	objects = {

/* Begin PBXBuildFile section */
		CF88EFE51ED3ECAE0011048F /* AppDelegate.swift in Sources */ = {isa = PBXBuildFile; fileRef = CF88EFE41ED3ECAE0011048F /* AppDelegate.swift */; };
		CF88EFE71ED3ECAE0011048F /* ViewController.swift in Sources */ = {isa = PBXBuildFile; fileRef = CF88EFE61ED3ECAE0011048F /* ViewController.swift */; };
		CF88EFEA1ED3ECAE0011048F /* Main.storyboard in Resources */ = {isa = PBXBuildFile; fileRef = CF88EFE81ED3ECAE0011048F /* Main.storyboard */; };
		CF88EFEC1ED3ECAE0011048F /* Assets.xcassets in Resources */ = {isa = PBXBuildFile; fileRef = CF88EFEB1ED3ECAE0011048F /* Assets.xcassets */; };
		CF88EFEF1ED3ECAE0011048F /* LaunchScreen.storyboard in Resources */ = {isa = PBXBuildFile; fileRef = CF88EFED1ED3ECAE0011048F /* LaunchScreen.storyboard */; };
/* End PBXBuildFile section */

/* Begin PBXFileReference section */
		CF88EFE11ED3ECAE0011048F /* MobileCodeChallenge.app */ = {isa = PBXFileReference; explicitFileType = wrapper.application; includeInIndex = 0; path = MobileCodeChallenge.app; sourceTree = BUILT_PRODUCTS_DIR; };
		CF88EFE41ED3ECAE0011048F /* AppDelegate.swift */ = {isa = PBXFileReference; lastKnownFileType = sourcecode.swift; path = AppDelegate.swift; sourceTree = "<group>"; };
		CF88EFE61ED3ECAE0011048F /* ViewController.swift */ = {isa = PBXFileReference; lastKnownFileType = sourcecode.swift; path = ViewController.swift; sourceTree = "<group>"; };
		CF88EFE91ED3ECAE0011048F /* Base */ = {isa = PBXFileReference; lastKnownFileType = file.storyboard; name = Base; path = Base.lproj/Main.storyboard; sourceTree = "<group>"; };
		CF88EFEB1ED3ECAE0011048F /* Assets.xcassets */ = {isa = PBXFileReference; lastKnownFileType = folder.assetcatalog; path = Assets.xcassets; sourceTree = "<group>"; };
		CF88EFEE1ED3ECAE0011048F /* Base */ = {isa = PBXFileReference; lastKnownFileType = file.storyboard; name = Base; path = Base.lproj/LaunchScreen.storyboard; sourceTree = "<group>"; };
		CF88EFF01ED3ECAE0011048F /* Info.plist */ = {isa = PBXFileReference; lastKnownFileType = text.plist.xml; path = Info.plist; sourceTree = "<group>"; };
/* End PBXFileReference section */

/* Begin PBXFrameworksBuildPhase section */
		CF88EFDE1ED3ECAE0011048F /* Frameworks */ = {
			isa = PBXFrameworksBuildPhase;
			buildActionMask = 2147483647;
			files = (
			);
			runOnlyForDeploymentPostprocessing = 0;
		};
/* End PBXFrameworksBuildPhase section */

/* Begin PBXGroup section */
		CF88EFD81ED3ECAE0011048F = {
			isa = PBXGroup;
			children = (
				CF88EFE31ED3ECAE0011048F /* MobileCodeChallenge */,
				CF88EFE21ED3ECAE0011048F /* Products */,
			);
			sourceTree = "<group>";
		};
		CF88EFE21ED3ECAE0011048F /* Products */ = {
			isa = PBXGroup;
			children = (
				CF88EFE11ED3ECAE0011048F /* MobileCodeChallenge.app */,
			);
			name = Products;
			sourceTree = "<group>";
		};
		CF88EFE31ED3ECAE0011048F /* MobileCodeChallenge */ = {
			isa = PBXGroup;
			children = (
				CF88EFE41ED3ECAE0011048F /* AppDelegate.swift */,
				CF88EFE61ED3ECAE0011048F /* ViewController.swift */,
				CF88EFE81ED3ECAE0011048F /* Main.storyboard */,
				CF88EFEB1ED3ECAE0011048F /* Assets.xcassets */,
				CF88EFED1ED3ECAE0011048F /* LaunchScreen.storyboard */,
				CF88EFF01ED3ECAE0011048F /* Info.plist */,
			);
			path = MobileCodeChallenge;
			sourceTree = "<group>";
		};
/* End PBXGroup section */

/* Begin PBXNativeTarget section */
		CF88EFE01ED3ECAE0011048F /* MobileCodeChallenge */ = {
			isa = PBXNativeTarget;
			buildConfigurationList = CF88EFF31ED3ECAE0011048F /* Build configuration list for PBXNativeTarget "MobileCodeChallenge" */;
			buildPhases = (
				CF88EFDD1ED3ECAE0011048F /* Sources */,
				CF88EFDE1ED3ECAE0011048F /* Frameworks */,
				CF88EFDF1ED3ECAE0011048F /* Resources */,
			);
			buildRules = (
			);
			dependencies = (
			);
			name = MobileCodeChallenge;
			productName = MobileCodeChallenge;
			productReference = CF88EFE11ED3ECAE0011048F /* MobileCodeChallenge.app */;
			productType = "com.apple.product-type.application";
		};
/* End PBXNativeTarget section */

/* Begin PBXProject section */
		CF88EFD91ED3ECAE0011048F /* Project object */ = {
			isa = PBXProject;
			attributes = {
				LastSwiftUpdateCheck = 0830;
				LastUpgradeCheck = 0830;
				ORGANIZATIONNAME = "Hashaam Siddiq";
				TargetAttributes = {
					CF88EFE01ED3ECAE0011048F = {
						CreatedOnToolsVersion = 8.3.2;
						DevelopmentTeam = DGZ94FWHH5;
						ProvisioningStyle = Automatic;
					};
				};
			};
			buildConfigurationList = CF88EFDC1ED3ECAE0011048F /* Build configuration list for PBXProject "MobileCodeChallenge" */;
			compatibilityVersion = "Xcode 3.2";
			developmentRegion = English;
			hasScannedForEncodings = 0;
			knownRegions = (
				en,
				Base,
			);
			mainGroup = CF88EFD81ED3ECAE0011048F;
			productRefGroup = CF88EFE21ED3ECAE0011048F /* Products */;
			projectDirPath = "";
			projectRoot = "";
			targets = (
				CF88EFE01ED3ECAE0011048F /* MobileCodeChallenge */,
			);
		};
/* End PBXProject section */

/* Begin PBXResourcesBuildPhase section */
		CF88EFDF1ED3ECAE0011048F /* Resources */ = {
			isa = PBXResourcesBuildPhase;
			buildActionMask = 2147483647;
			files = (
				CF88EFEF1ED3ECAE0011048F /* LaunchScreen.storyboard in Resources */,
				CF88EFEC1ED3ECAE0011048F /* Assets.xcassets in Resources */,
				CF88EFEA1ED3ECAE0011048F /* Main.storyboard in Resources */,
			);
			runOnlyForDeploymentPostprocessing = 0;
		};
/* End PBXResourcesBuildPhase section */

/* Begin PBXSourcesBuildPhase section */
		CF88EFDD1ED3ECAE0011048F /* Sources */ = {
			isa = PBXSourcesBuildPhase;
			buildActionMask = 2147483647;
			files = (
				CF88EFE71ED3ECAE0011048F /* ViewController.swift in Sources */,
				CF88EFE51ED3ECAE0011048F /* AppDelegate.swift in Sources */,
			);
			runOnlyForDeploymentPostprocessing = 0;
		};
/* End PBXSourcesBuildPhase section */

/* Begin PBXVariantGroup section */
		CF88EFE81ED3ECAE0011048F /* Main.storyboard */ = {
			isa = PBXVariantGroup;
			children = (
				CF88EFE91ED3ECAE0011048F /* Base */,
			);
			name = Main.storyboard;
			sourceTree = "<group>";
		};
		CF88EFED1ED3ECAE0011048F /* LaunchScreen.storyboard */ = {
			isa = PBXVariantGroup;
			children = (
				CF88EFEE1ED3ECAE0011048F /* Base */,
			);
			name = LaunchScreen.storyboard;
			sourceTree = "<group>";
		};
/* End PBXVariantGroup section */

/* Begin XCBuildConfiguration section */
		CF88EFF11ED3ECAE0011048F /* Debug */ = {
			isa = XCBuildConfiguration;
			buildSettings = {
				ALWAYS_SEARCH_USER_PATHS = NO;
				CLANG_ANALYZER_NONNULL = YES;
				CLANG_ANALYZER_NUMBER_OBJECT_CONVERSION = YES_AGGRESSIVE;
				CLANG_CXX_LANGUAGE_STANDARD = "gnu++0x";
				CLANG_CXX_LIBRARY = "libc++";
				CLANG_ENABLE_MODULES = YES;
				CLANG_ENABLE_OBJC_ARC = YES;
				CLANG_WARN_BOOL_CONVERSION = YES;
				CLANG_WARN_CONSTANT_CONVERSION = YES;
				CLANG_WARN_DIRECT_OBJC_ISA_USAGE = YES_ERROR;
				CLANG_WARN_DOCUMENTATION_COMMENTS = YES;
				CLANG_WARN_EMPTY_BODY = YES;
				CLANG_WARN_ENUM_CONVERSION = YES;
				CLANG_WARN_INFINITE_RECURSION = YES;
				CLANG_WARN_INT_CONVERSION = YES;
				CLANG_WARN_OBJC_ROOT_CLASS = YES_ERROR;
				CLANG_WARN_SUSPICIOUS_MOVE = YES;
				CLANG_WARN_UNREACHABLE_CODE = YES;
				CLANG_WARN__DUPLICATE_METHOD_MATCH = YES;
				"CODE_SIGN_IDENTITY[sdk=iphoneos*]" = "iPhone Developer";
				COPY_PHASE_STRIP = NO;
				DEBUG_INFORMATION_FORMAT = dwarf;
				ENABLE_STRICT_OBJC_MSGSEND = YES;
				ENABLE_TESTABILITY = YES;
				GCC_C_LANGUAGE_STANDARD = gnu99;
				GCC_DYNAMIC_NO_PIC = NO;
				GCC_NO_COMMON_BLOCKS = YES;
				GCC_OPTIMIZATION_LEVEL = 0;
				GCC_PREPROCESSOR_DEFINITIONS = (
					"DEBUG=1",
					"$(inherited)",
				);
				GCC_WARN_64_TO_32_BIT_CONVERSION = YES;
				GCC_WARN_ABOUT_RETURN_TYPE = YES_ERROR;
				GCC_WARN_UNDECLARED_SELECTOR = YES;
				GCC_WARN_UNINITIALIZED_AUTOS = YES_AGGRESSIVE;
				GCC_WARN_UNUSED_FUNCTION = YES;
				GCC_WARN_UNUSED_VARIABLE = YES;
				IPHONEOS_DEPLOYMENT_TARGET = 10.3;
				MTL_ENABLE_DEBUG_INFO = YES;
				ONLY_ACTIVE_ARCH = YES;
				SDKROOT = iphoneos;
				SWIFT_ACTIVE_COMPILATION_CONDITIONS = DEBUG;
				SWIFT_OPTIMIZATION_LEVEL = "-Onone";
			};
			name = Debug;
		};
		CF88EFF21ED3ECAE0011048F /* Release */ = {
			isa = XCBuildConfiguration;
			buildSettings = {
				ALWAYS_SEARCH_USER_PATHS = NO;
				CLANG_ANALYZER_NONNULL = YES;
				CLANG_ANALYZER_NUMBER_OBJECT_CONVERSION = YES_AGGRESSIVE;
				CLANG_CXX_LANGUAGE_STANDARD = "gnu++0x";
				CLANG_CXX_LIBRARY = "libc++";
				CLANG_ENABLE_MODULES = YES;
				CLANG_ENABLE_OBJC_ARC = YES;
				CLANG_WARN_BOOL_CONVERSION = YES;
				CLANG_WARN_CONSTANT_CONVERSION = YES;
				CLANG_WARN_DIRECT_OBJC_ISA_USAGE = YES_ERROR;
				CLANG_WARN_DOCUMENTATION_COMMENTS = YES;
				CLANG_WARN_EMPTY_BODY = YES;
				CLANG_WARN_ENUM_CONVERSION = YES;
				CLANG_WARN_INFINITE_RECURSION = YES;
				CLANG_WARN_INT_CONVERSION = YES;
				CLANG_WARN_OBJC_ROOT_CLASS = YES_ERROR;
				CLANG_WARN_SUSPICIOUS_MOVE = YES;
				CLANG_WARN_UNREACHABLE_CODE = YES;
				CLANG_WARN__DUPLICATE_METHOD_MATCH = YES;
				"CODE_SIGN_IDENTITY[sdk=iphoneos*]" = "iPhone Developer";
				COPY_PHASE_STRIP = NO;
				DEBUG_INFORMATION_FORMAT = "dwarf-with-dsym";
				ENABLE_NS_ASSERTIONS = NO;
				ENABLE_STRICT_OBJC_MSGSEND = YES;
				GCC_C_LANGUAGE_STANDARD = gnu99;
				GCC_NO_COMMON_BLOCKS = YES;
				GCC_WARN_64_TO_32_BIT_CONVERSION = YES;
				GCC_WARN_ABOUT_RETURN_TYPE = YES_ERROR;
				GCC_WARN_UNDECLARED_SELECTOR = YES;
				GCC_WARN_UNINITIALIZED_AUTOS = YES_AGGRESSIVE;
				GCC_WARN_UNUSED_FUNCTION = YES;
				GCC_WARN_UNUSED_VARIABLE = YES;
				IPHONEOS_DEPLOYMENT_TARGET = 10.3;
				MTL_ENABLE_DEBUG_INFO = NO;
				SDKROOT = iphoneos;
				SWIFT_OPTIMIZATION_LEVEL = "-Owholemodule";
				VALIDATE_PRODUCT = YES;
			};
			name = Release;
		};
		CF88EFF41ED3ECAE0011048F /* Debug */ = {
			isa = XCBuildConfiguration;
			buildSettings = {
				ASSETCATALOG_COMPILER_APPICON_NAME = AppIcon;
				DEVELOPMENT_TEAM = DGZ94FWHH5;
				INFOPLIST_FILE = MobileCodeChallenge/Info.plist;
				LD_RUNPATH_SEARCH_PATHS = "$(inherited) @executable_path/Frameworks";
				PRODUCT_BUNDLE_IDENTIFIER = com.hashaam.MobileCodeChallenge;
				PRODUCT_NAME = "$(TARGET_NAME)";
				SWIFT_VERSION = 3.0;
			};
			name = Debug;
		};
		CF88EFF51ED3ECAE0011048F /* Release */ = {
			isa = XCBuildConfiguration;
			buildSettings = {
				ASSETCATALOG_COMPILER_APPICON_NAME = AppIcon;
				DEVELOPMENT_TEAM = DGZ94FWHH5;
				INFOPLIST_FILE = MobileCodeChallenge/Info.plist;
				LD_RUNPATH_SEARCH_PATHS = "$(inherited) @executable_path/Frameworks";
				PRODUCT_BUNDLE_IDENTIFIER = com.hashaam.MobileCodeChallenge;
				PRODUCT_NAME = "$(TARGET_NAME)";
				SWIFT_VERSION = 3.0;
			};
			name = Release;
		};
/* End XCBuildConfiguration section */

/* Begin XCConfigurationList section */
		CF88EFDC1ED3ECAE0011048F /* Build configuration list for PBXProject "MobileCodeChallenge" */ = {
			isa = XCConfigurationList;
			buildConfigurations = (
				CF88EFF11ED3ECAE0011048F /* Debug */,
				CF88EFF21ED3ECAE0011048F /* Release */,
			);
			defaultConfigurationIsVisible = 0;
			defaultConfigurationName = Release;
		};
		CF88EFF31ED3ECAE0011048F /* Build configuration list for PBXNativeTarget "MobileCodeChallenge" */ = {
			isa = XCConfigurationList;
			buildConfigurations = (
				CF88EFF41ED3ECAE0011048F /* Debug */,
				CF88EFF51ED3ECAE0011048F /* Release */,
			);
			defaultConfigurationIsVisible = 0;
		};
/* End XCConfigurationList section */
	};
	rootObject = CF88EFD91ED3ECAE0011048F /* Project object */;
}
